// !$*UTF8*$!
{
	archiveVersion = 1;
	classes = {
	};
	objectVersion = 46;
	objects = {

/* Begin PBXBuildFile section */
		DBA9DCC5196B2A7D007433EC /* main.cpp in Sources */ = {isa = PBXBuildFile; fileRef = DBA9DCC4196B2A7D007433EC /* main.cpp */; };
		DBA9DCC7196B2A7D007433EC /* Q2_4.1 in CopyFiles */ = {isa = PBXBuildFile; fileRef = DBA9DCC6196B2A7D007433EC /* Q2_4.1 */; };
/* End PBXBuildFile section */

/* Begin PBXCopyFilesBuildPhase section */
		DBA9DCBF196B2A7D007433EC /* CopyFiles */ = {
			isa = PBXCopyFilesBuildPhase;
			buildActionMask = 2147483647;
			dstPath = /usr/share/man/man1/;
			dstSubfolderSpec = 0;
			files = (
				DBA9DCC7196B2A7D007433EC /* Q2_4.1 in CopyFiles */,
			);
			runOnlyForDeploymentPostprocessing = 1;
		};
/* End PBXCopyFilesBuildPhase section */

/* Begin PBXFileReference section */
		DBA9DCC1196B2A7D007433EC /* Q2_4 */ = {isa = PBXFileReference; explicitFileType = "compiled.mach-o.executable"; includeInIndex = 0; path = Q2_4; sourceTree = BUILT_PRODUCTS_DIR; };
		DBA9DCC4196B2A7D007433EC /* main.cpp */ = {isa = PBXFileReference; lastKnownFileType = sourcecode.cpp.cpp; path = main.cpp; sourceTree = "<group>"; };
		DBA9DCC6196B2A7D007433EC /* Q2_4.1 */ = {isa = PBXFileReference; lastKnownFileType = text.man; path = Q2_4.1; sourceTree = "<group>"; };
		DBA9DCCD196B2A96007433EC /* LinkedListClass.h */ = {isa = PBXFileReference; fileEncoding = 4; lastKnownFileType = sourcecode.c.h; name = LinkedListClass.h; path = ../../Q2_1/Q2_1/LinkedListClass.h; sourceTree = "<group>"; };
/* End PBXFileReference section */

/* Begin PBXFrameworksBuildPhase section */
		DBA9DCBE196B2A7D007433EC /* Frameworks */ = {
			isa = PBXFrameworksBuildPhase;
			buildActionMask = 2147483647;
			files = (
			);
			runOnlyForDeploymentPostprocessing = 0;
		};
/* End PBXFrameworksBuildPhase section */

/* Begin PBXGroup section */
		DBA9DCB8196B2A7D007433EC = {
			isa = PBXGroup;
			children = (
				DBA9DCC3196B2A7D007433EC /* Q2_4 */,
				DBA9DCC2196B2A7D007433EC /* Products */,
			);
			sourceTree = "<group>";
		};
		DBA9DCC2196B2A7D007433EC /* Products */ = {
			isa = PBXGroup;
			children = (
				DBA9DCC1196B2A7D007433EC /* Q2_4 */,
			);
			name = Products;
			sourceTree = "<group>";
		};
		DBA9DCC3196B2A7D007433EC /* Q2_4 */ = {
			isa = PBXGroup;
			children = (
				DBA9DCCD196B2A96007433EC /* LinkedListClass.h */,
				DBA9DCC4196B2A7D007433EC /* main.cpp */,
				DBA9DCC6196B2A7D007433EC /* Q2_4.1 */,
			);
			path = Q2_4;
			sourceTree = "<group>";
		};
/* End PBXGroup section */

/* Begin PBXNativeTarget section */
		DBA9DCC0196B2A7D007433EC /* Q2_4 */ = {
			isa = PBXNativeTarget;
			buildConfigurationList = DBA9DCCA196B2A7D007433EC /* Build configuration list for PBXNativeTarget "Q2_4" */;
			buildPhases = (
				DBA9DCBD196B2A7D007433EC /* Sources */,
				DBA9DCBE196B2A7D007433EC /* Frameworks */,
				DBA9DCBF196B2A7D007433EC /* CopyFiles */,
			);
			buildRules = (
			);
			dependencies = (
			);
			name = Q2_4;
			productName = Q2_4;
			productReference = DBA9DCC1196B2A7D007433EC /* Q2_4 */;
			productType = "com.apple.product-type.tool";
		};
/* End PBXNativeTarget section */

/* Begin PBXProject section */
		DBA9DCB9196B2A7D007433EC /* Project object */ = {
			isa = PBXProject;
			attributes = {
				LastUpgradeCheck = 0510;
				ORGANIZATIONNAME = "___RUOYUNPANG___";
			};
			buildConfigurationList = DBA9DCBC196B2A7D007433EC /* Build configuration list for PBXProject "Q2_4" */;
			compatibilityVersion = "Xcode 3.2";
			developmentRegion = English;
			hasScannedForEncodings = 0;
			knownRegions = (
				en,
			);
			mainGroup = DBA9DCB8196B2A7D007433EC;
			productRefGroup = DBA9DCC2196B2A7D007433EC /* Products */;
			projectDirPath = "";
			projectRoot = "";
			targets = (
				DBA9DCC0196B2A7D007433EC /* Q2_4 */,
			);
		};
/* End PBXProject section */

/* Begin PBXSourcesBuildPhase section */
		DBA9DCBD196B2A7D007433EC /* Sources */ = {
			isa = PBXSourcesBuildPhase;
			buildActionMask = 2147483647;
			files = (
				DBA9DCC5196B2A7D007433EC /* main.cpp in Sources */,
			);
			runOnlyForDeploymentPostprocessing = 0;
		};
/* End PBXSourcesBuildPhase section */

/* Begin XCBuildConfiguration section */
		DBA9DCC8196B2A7D007433EC /* Debug */ = {
			isa = XCBuildConfiguration;
			buildSettings = {
				ALWAYS_SEARCH_USER_PATHS = NO;
				CLANG_CXX_LANGUAGE_STANDARD = "gnu++0x";
				CLANG_CXX_LIBRARY = "libc++";
				CLANG_ENABLE_MODULES = YES;
				CLANG_ENABLE_OBJC_ARC = YES;
				CLANG_WARN_BOOL_CONVERSION = YES;
				CLANG_WARN_CONSTANT_CONVERSION = YES;
				CLANG_WARN_DIRECT_OBJC_ISA_USAGE = YES_ERROR;
				CLANG_WARN_EMPTY_BODY = YES;
				CLANG_WARN_ENUM_CONVERSION = YES;
				CLANG_WARN_INT_CONVERSION = YES;
				CLANG_WARN_OBJC_ROOT_CLASS = YES_ERROR;
				CLANG_WARN__DUPLICATE_METHOD_MATCH = YES;
				COPY_PHASE_STRIP = NO;
				GCC_C_LANGUAGE_STANDARD = gnu99;
				GCC_DYNAMIC_NO_PIC = NO;
				GCC_ENABLE_OBJC_EXCEPTIONS = YES;
				GCC_OPTIMIZATION_LEVEL = 0;
				GCC_PREPROCESSOR_DEFINITIONS = (
					"DEBUG=1",
					"$(inherited)",
				);
				GCC_SYMBOLS_PRIVATE_EXTERN = NO;
				GCC_WARN_64_TO_32_BIT_CONVERSION = YES;
				GCC_WARN_ABOUT_RETURN_TYPE = YES_ERROR;
				GCC_WARN_UNDECLARED_SELECTOR = YES;
				GCC_WARN_UNINITIALIZED_AUTOS = YES_AGGRESSIVE;
				GCC_WARN_UNUSED_FUNCTION = YES;
				GCC_WARN_UNUSED_VARIABLE = YES;
				MACOSX_DEPLOYMENT_TARGET = 10.9;
				ONLY_ACTIVE_ARCH = YES;
				SDKROOT = macosx;
			};
			name = Debug;
		};
		DBA9DCC9196B2A7D007433EC /* Release */ = {
			isa = XCBuildConfiguration;
			buildSettings = {
				ALWAYS_SEARCH_USER_PATHS = NO;
				CLANG_CXX_LANGUAGE_STANDARD = "gnu++0x";
				CLANG_CXX_LIBRARY = "libc++";
				CLANG_ENABLE_MODULES = YES;
				CLANG_ENABLE_OBJC_ARC = YES;
				CLANG_WARN_BOOL_CONVERSION = YES;
				CLANG_WARN_CONSTANT_CONVERSION = YES;
				CLANG_WARN_DIRECT_OBJC_ISA_USAGE = YES_ERROR;
				CLANG_WARN_EMPTY_BODY = YES;
				CLANG_WARN_ENUM_CONVERSION = YES;
				CLANG_WARN_INT_CONVERSION = YES;
				CLANG_WARN_OBJC_ROOT_CLASS = YES_ERROR;
				CLANG_WARN__DUPLICATE_METHOD_MATCH = YES;
				COPY_PHASE_STRIP = YES;
				DEBUG_INFORMATION_FORMAT = "dwarf-with-dsym";
				ENABLE_NS_ASSERTIONS = NO;
				GCC_C_LANGUAGE_STANDARD = gnu99;
				GCC_ENABLE_OBJC_EXCEPTIONS = YES;
				GCC_WARN_64_TO_32_BIT_CONVERSION = YES;
				GCC_WARN_ABOUT_RETURN_TYPE = YES_ERROR;
				GCC_WARN_UNDECLARED_SELECTOR = YES;
				GCC_WARN_UNINITIALIZED_AUTOS = YES_AGGRESSIVE;
				GCC_WARN_UNUSED_FUNCTION = YES;
				GCC_WARN_UNUSED_VARIABLE = YES;
				MACOSX_DEPLOYMENT_TARGET = 10.9;
				SDKROOT = macosx;
			};
			name = Release;
		};
		DBA9DCCB196B2A7D007433EC /* Debug */ = {
			isa = XCBuildConfiguration;
			buildSettings = {
				PRODUCT_NAME = "$(TARGET_NAME)";
			};
			name = Debug;
		};
		DBA9DCCC196B2A7D007433EC /* Release */ = {
			isa = XCBuildConfiguration;
			buildSettings = {
				PRODUCT_NAME = "$(TARGET_NAME)";
			};
			name = Release;
		};
/* End XCBuildConfiguration section */

/* Begin XCConfigurationList section */
		DBA9DCBC196B2A7D007433EC /* Build configuration list for PBXProject "Q2_4" */ = {
			isa = XCConfigurationList;
			buildConfigurations = (
				DBA9DCC8196B2A7D007433EC /* Debug */,
				DBA9DCC9196B2A7D007433EC /* Release */,
			);
			defaultConfigurationIsVisible = 0;
			defaultConfigurationName = Release;
		};
		DBA9DCCA196B2A7D007433EC /* Build configuration list for PBXNativeTarget "Q2_4" */ = {
			isa = XCConfigurationList;
			buildConfigurations = (
				DBA9DCCB196B2A7D007433EC /* Debug */,
				DBA9DCCC196B2A7D007433EC /* Release */,
			);
			defaultConfigurationIsVisible = 0;
		};
/* End XCConfigurationList section */
	};
	rootObject = DBA9DCB9196B2A7D007433EC /* Project object */;
}
